
Microsoft Visual Studio Solution File, Format Version 12.00
# Visual Studio Version 17
VisualStudioVersion = 17.11.35431.28
MinimumVisualStudioVersion = 10.0.40219.1
Project("{8BC9CEB8-8B4A-11D0-8D11-00A0C91BC942}") = "projectds", "projectds\projectds.vcxproj", "{28F09763-31CD-40A1-BB3A-5D3BD788BC7B}"
EndProject
Global
	GlobalSection(SolutionConfigurationPlatforms) = preSolution
		Debug|x64 = Debug|x64
		Debug|x86 = Debug|x86
		Release|x64 = Release|x64
		Release|x86 = Release|x86
	EndGlobalSection
	GlobalSection(ProjectConfigurationPlatforms) = postSolution
		{28F09763-31CD-40A1-BB3A-5D3BD788BC7B}.Debug|x64.ActiveCfg = Debug|x64
		{28F09763-31CD-40A1-BB3A-5D3BD788BC7B}.Debug|x64.Build.0 = Debug|x64
		{28F09763-31CD-40A1-BB3A-5D3BD788BC7B}.Debug|x86.ActiveCfg = Debug|Win32
		{28F09763-31CD-40A1-BB3A-5D3BD788BC7B}.Debug|x86.Build.0 = Debug|Win32
		{28F09763-31CD-40A1-BB3A-5D3BD788BC7B}.Release|x64.ActiveCfg = Release|x64
		{28F09763-31CD-40A1-BB3A-5D3BD788BC7B}.Release|x64.Build.0 = Release|x64
		{28F09763-31CD-40A1-BB3A-5D3BD788BC7B}.Release|x86.ActiveCfg = Release|Win32
		{28F09763-31CD-40A1-BB3A-5D3BD788BC7B}.Release|x86.Build.0 = Release|Win32
	EndGlobalSection
	GlobalSection(SolutionProperties) = preSolution
		HideSolutionNode = FALSE
	EndGlobalSection
	GlobalSection(ExtensibilityGlobals) = postSolution
		SolutionGuid = {5E0F0573-9A67-4A77-9EE9-3CB74DB2446C}
	EndGlobalSection
EndGlobal
